
Microsoft Visual Studio Solution File, Format Version 12.00
# Visual Studio Version 16
VisualStudioVersion = 16.0.30309.148
MinimumVisualStudioVersion = 10.0.40219.1
Project("{FAE04EC0-301F-11D3-BF4B-00C04F79EFBC}") = "LINQ-Exercise", "LINQ-Exercise.csproj", "{3CD8F454-6C7A-4E38-BF5E-F65F11A6447B}"
EndProject
Global
	GlobalSection(SolutionConfigurationPlatforms) = preSolution
		Debug|Any CPU = Debug|Any CPU
		Release|Any CPU = Release|Any CPU
	EndGlobalSection
	GlobalSection(ProjectConfigurationPlatforms) = postSolution
		{3CD8F454-6C7A-4E38-BF5E-F65F11A6447B}.Debug|Any CPU.ActiveCfg = Debug|Any CPU
		{3CD8F454-6C7A-4E38-BF5E-F65F11A6447B}.Debug|Any CPU.Build.0 = Debug|Any CPU
		{3CD8F454-6C7A-4E38-BF5E-F65F11A6447B}.Release|Any CPU.ActiveCfg = Release|Any CPU
		{3CD8F454-6C7A-4E38-BF5E-F65F11A6447B}.Release|Any CPU.Build.0 = Release|Any CPU
	EndGlobalSection
	GlobalSection(SolutionProperties) = preSolution
		HideSolutionNode = FALSE
	EndGlobalSection
	GlobalSection(ExtensibilityGlobals) = postSolution
		SolutionGuid = {7C85AB15-A3E3-468D-AC8F-B693BAF18C38}
	EndGlobalSection
EndGlobal
